
Microsoft Visual Studio Solution File, Format Version 12.00
# Visual Studio Version 16
VisualStudioVersion = 16.0.29020.237
MinimumVisualStudioVersion = 10.0.40219.1
Project("{FAE04EC0-301F-11D3-BF4B-00C04F79EFBC}") = "WandhiM3U8Downloader", "WandhiM3U8Downloader\WandhiM3U8Downloader.csproj", "{377827B1-A67D-423D-BBFD-9C5878A58554}"
EndProject
Global
	GlobalSection(SolutionConfigurationPlatforms) = preSolution
		Debug|Any CPU = Debug|Any CPU
		Release|Any CPU = Release|Any CPU
	EndGlobalSection
	GlobalSection(ProjectConfigurationPlatforms) = postSolution
		{377827B1-A67D-423D-BBFD-9C5878A58554}.Debug|Any CPU.ActiveCfg = Debug|Any CPU
		{377827B1-A67D-423D-BBFD-9C5878A58554}.Debug|Any CPU.Build.0 = Debug|Any CPU
		{377827B1-A67D-423D-BBFD-9C5878A58554}.Release|Any CPU.ActiveCfg = Release|Any CPU
		{377827B1-A67D-423D-BBFD-9C5878A58554}.Release|Any CPU.Build.0 = Release|Any CPU
	EndGlobalSection
	GlobalSection(SolutionProperties) = preSolution
		HideSolutionNode = FALSE
	EndGlobalSection
	GlobalSection(ExtensibilityGlobals) = postSolution
		SolutionGuid = {2A35B2D1-038F-4DB2-A781-0181E4737EB1}
	EndGlobalSection
EndGlobal
